
Microsoft Visual Studio Solution File, Format Version 12.00
# 
Project("{FAE04EC0-301F-11D3-BF4B-00C04F79EFBC}") = "PowerplantChallenge.Api", "PowerplantChallenge.Api\PowerplantChallenge.Api.csproj", "{2BBDD32A-321A-4398-A926-C4E73333BCA6}"
EndProject
Project("{FAE04EC0-301F-11D3-BF4B-00C04F79EFBC}") = "PowerplantChallenge.Application", "PowerplantChallenge.Application\PowerplantChallenge.Application.csproj", "{EEE536B0-9487-40C2-B082-1AE7E1E6661E}"
EndProject
Project("{FAE04EC0-301F-11D3-BF4B-00C04F79EFBC}") = "PowerplantChallenge.Domain", "PowerplantChallenge.Domain\PowerplantChallenge.Domain.csproj", "{F308389B-CCFA-4EE5-9061-78469F9424C4}"
EndProject
Global
	GlobalSection(SolutionConfigurationPlatforms) = preSolution
		Debug|Any CPU = Debug|Any CPU
		Release|Any CPU = Release|Any CPU
	EndGlobalSection
	GlobalSection(ProjectConfigurationPlatforms) = postSolution
		{2BBDD32A-321A-4398-A926-C4E73333BCA6}.Debug|Any CPU.ActiveCfg = Debug|Any CPU
		{2BBDD32A-321A-4398-A926-C4E73333BCA6}.Debug|Any CPU.Build.0 = Debug|Any CPU
		{2BBDD32A-321A-4398-A926-C4E73333BCA6}.Release|Any CPU.ActiveCfg = Release|Any CPU
		{2BBDD32A-321A-4398-A926-C4E73333BCA6}.Release|Any CPU.Build.0 = Release|Any CPU
		{EEE536B0-9487-40C2-B082-1AE7E1E6661E}.Debug|Any CPU.ActiveCfg = Debug|Any CPU
		{EEE536B0-9487-40C2-B082-1AE7E1E6661E}.Debug|Any CPU.Build.0 = Debug|Any CPU
		{EEE536B0-9487-40C2-B082-1AE7E1E6661E}.Release|Any CPU.ActiveCfg = Release|Any CPU
		{EEE536B0-9487-40C2-B082-1AE7E1E6661E}.Release|Any CPU.Build.0 = Release|Any CPU
		{F308389B-CCFA-4EE5-9061-78469F9424C4}.Debug|Any CPU.ActiveCfg = Debug|Any CPU
		{F308389B-CCFA-4EE5-9061-78469F9424C4}.Debug|Any CPU.Build.0 = Debug|Any CPU
		{F308389B-CCFA-4EE5-9061-78469F9424C4}.Release|Any CPU.ActiveCfg = Release|Any CPU
		{F308389B-CCFA-4EE5-9061-78469F9424C4}.Release|Any CPU.Build.0 = Release|Any CPU
	EndGlobalSection
EndGlobal
